
Microsoft Visual Studio Solution File, Format Version 12.00
# Visual Studio Version 17
VisualStudioVersion = 17.6.33723.286
MinimumVisualStudioVersion = 10.0.40219.1
Project("{FAE04EC0-301F-11D3-BF4B-00C04F79EFBC}") = "PokemonReviewApp", "PokemonReviewApp\PokemonReviewApp.csproj", "{0140ECDF-40F1-4203-9586-881116281CA8}"
EndProject
Global
	GlobalSection(SolutionConfigurationPlatforms) = preSolution
		Debug|Any CPU = Debug|Any CPU
		Release|Any CPU = Release|Any CPU
	EndGlobalSection
	GlobalSection(ProjectConfigurationPlatforms) = postSolution
		{0140ECDF-40F1-4203-9586-881116281CA8}.Debug|Any CPU.ActiveCfg = Debug|Any CPU
		{0140ECDF-40F1-4203-9586-881116281CA8}.Debug|Any CPU.Build.0 = Debug|Any CPU
		{0140ECDF-40F1-4203-9586-881116281CA8}.Release|Any CPU.ActiveCfg = Release|Any CPU
		{0140ECDF-40F1-4203-9586-881116281CA8}.Release|Any CPU.Build.0 = Release|Any CPU
	EndGlobalSection
	GlobalSection(SolutionProperties) = preSolution
		HideSolutionNode = FALSE
	EndGlobalSection
	GlobalSection(ExtensibilityGlobals) = postSolution
		SolutionGuid = {51E96D79-E459-42A8-A5E1-CBE7FC903942}
	EndGlobalSection
EndGlobal
